
Microsoft Visual Studio Solution File, Format Version 12.00
# Visual Studio Version 17
VisualStudioVersion = 17.8.34601.278
MinimumVisualStudioVersion = 10.0.40219.1
Project("{8BC9CEB8-8B4A-11D0-8D11-00A0C91BC942}") = "Lab 8", "Lab 8\Lab 8.vcxproj", "{92969116-C802-483A-A0A9-8FDC7EFAE52A}"
EndProject
Global
	GlobalSection(SolutionConfigurationPlatforms) = preSolution
		Debug|x64 = Debug|x64
		Debug|x86 = Debug|x86
		Release|x64 = Release|x64
		Release|x86 = Release|x86
	EndGlobalSection
	GlobalSection(ProjectConfigurationPlatforms) = postSolution
		{92969116-C802-483A-A0A9-8FDC7EFAE52A}.Debug|x64.ActiveCfg = Debug|x64
		{92969116-C802-483A-A0A9-8FDC7EFAE52A}.Debug|x64.Build.0 = Debug|x64
		{92969116-C802-483A-A0A9-8FDC7EFAE52A}.Debug|x86.ActiveCfg = Debug|Win32
		{92969116-C802-483A-A0A9-8FDC7EFAE52A}.Debug|x86.Build.0 = Debug|Win32
		{92969116-C802-483A-A0A9-8FDC7EFAE52A}.Release|x64.ActiveCfg = Release|x64
		{92969116-C802-483A-A0A9-8FDC7EFAE52A}.Release|x64.Build.0 = Release|x64
		{92969116-C802-483A-A0A9-8FDC7EFAE52A}.Release|x86.ActiveCfg = Release|Win32
		{92969116-C802-483A-A0A9-8FDC7EFAE52A}.Release|x86.Build.0 = Release|Win32
	EndGlobalSection
	GlobalSection(SolutionProperties) = preSolution
		HideSolutionNode = FALSE
	EndGlobalSection
	GlobalSection(ExtensibilityGlobals) = postSolution
		SolutionGuid = {3B13E014-7811-4279-8296-BF7204D70E13}
	EndGlobalSection
EndGlobal
